
Microsoft Visual Studio Solution File, Format Version 12.00
# Visual Studio 15
VisualStudioVersion = 15.0.27703.2035
MinimumVisualStudioVersion = 10.0.40219.1
Project("{9A19103F-16F7-4668-BE54-9A1E7A4F7556}") = "HelloWorld.Rest", "HelloWorld.Rest\HelloWorld.Rest.csproj", "{B2A31EE8-9A34-4AB9-B761-A68396B4E0D6}"
EndProject
Project("{9A19103F-16F7-4668-BE54-9A1E7A4F7556}") = "HelloWorld.Site", "HelloWorld.Site\HelloWorld.Site.csproj", "{B3FBCDA3-4A75-42F4-B257-2BED5F3C306C}"
EndProject
Project("{9A19103F-16F7-4668-BE54-9A1E7A4F7556}") = "HelloWorld.Rest.Workflow", "HelloWorld.Rest.Workflow\HelloWorld.Rest.Workflow.csproj", "{C9CC4FCA-0E89-4D8D-B978-E175F9DE208C}"
EndProject
Project("{9A19103F-16F7-4668-BE54-9A1E7A4F7556}") = "HelloWorld.Rest.Repository", "HelloWorld.Rest.Repository\HelloWorld.Rest.Repository.csproj", "{0AB83E7F-62E3-4977-933A-480F032C5766}"
EndProject
Project("{FAE04EC0-301F-11D3-BF4B-00C04F79EFBC}") = "HelloWorld.Rest.Test", "HelloWorld.Rest.Test\HelloWorld.Rest.Test.csproj", "{4A675E94-386A-47B9-B8BD-8078F708505E}"
EndProject
Project("{FAE04EC0-301F-11D3-BF4B-00C04F79EFBC}") = "HelloWorld.Rest.Model", "HelloWorld.Rest.Model\HelloWorld.Rest.Model.csproj", "{534F9E11-7FB9-4A92-89CE-25CBEA336202}"
EndProject
Project("{FAE04EC0-301F-11D3-BF4B-00C04F79EFBC}") = "HelloWorld.Site.Model", "HelloWorld.Site.Model\HelloWorld.Site.Model.csproj", "{5BD75589-CA45-4F37-8BF5-1894C01909CF}"
EndProject
Global
	GlobalSection(SolutionConfigurationPlatforms) = preSolution
		Debug|Any CPU = Debug|Any CPU
		Release|Any CPU = Release|Any CPU
	EndGlobalSection
	GlobalSection(ProjectConfigurationPlatforms) = postSolution
		{B2A31EE8-9A34-4AB9-B761-A68396B4E0D6}.Debug|Any CPU.ActiveCfg = Debug|Any CPU
		{B2A31EE8-9A34-4AB9-B761-A68396B4E0D6}.Debug|Any CPU.Build.0 = Debug|Any CPU
		{B2A31EE8-9A34-4AB9-B761-A68396B4E0D6}.Release|Any CPU.ActiveCfg = Release|Any CPU
		{B2A31EE8-9A34-4AB9-B761-A68396B4E0D6}.Release|Any CPU.Build.0 = Release|Any CPU
		{B3FBCDA3-4A75-42F4-B257-2BED5F3C306C}.Debug|Any CPU.ActiveCfg = Debug|Any CPU
		{B3FBCDA3-4A75-42F4-B257-2BED5F3C306C}.Debug|Any CPU.Build.0 = Debug|Any CPU
		{B3FBCDA3-4A75-42F4-B257-2BED5F3C306C}.Release|Any CPU.ActiveCfg = Release|Any CPU
		{B3FBCDA3-4A75-42F4-B257-2BED5F3C306C}.Release|Any CPU.Build.0 = Release|Any CPU
		{C9CC4FCA-0E89-4D8D-B978-E175F9DE208C}.Debug|Any CPU.ActiveCfg = Debug|Any CPU
		{C9CC4FCA-0E89-4D8D-B978-E175F9DE208C}.Debug|Any CPU.Build.0 = Debug|Any CPU
		{C9CC4FCA-0E89-4D8D-B978-E175F9DE208C}.Release|Any CPU.ActiveCfg = Release|Any CPU
		{C9CC4FCA-0E89-4D8D-B978-E175F9DE208C}.Release|Any CPU.Build.0 = Release|Any CPU
		{0AB83E7F-62E3-4977-933A-480F032C5766}.Debug|Any CPU.ActiveCfg = Debug|Any CPU
		{0AB83E7F-62E3-4977-933A-480F032C5766}.Debug|Any CPU.Build.0 = Debug|Any CPU
		{0AB83E7F-62E3-4977-933A-480F032C5766}.Release|Any CPU.ActiveCfg = Release|Any CPU
		{0AB83E7F-62E3-4977-933A-480F032C5766}.Release|Any CPU.Build.0 = Release|Any CPU
		{4A675E94-386A-47B9-B8BD-8078F708505E}.Debug|Any CPU.ActiveCfg = Debug|Any CPU
		{4A675E94-386A-47B9-B8BD-8078F708505E}.Debug|Any CPU.Build.0 = Debug|Any CPU
		{4A675E94-386A-47B9-B8BD-8078F708505E}.Release|Any CPU.ActiveCfg = Release|Any CPU
		{4A675E94-386A-47B9-B8BD-8078F708505E}.Release|Any CPU.Build.0 = Release|Any CPU
		{534F9E11-7FB9-4A92-89CE-25CBEA336202}.Debug|Any CPU.ActiveCfg = Debug|Any CPU
		{534F9E11-7FB9-4A92-89CE-25CBEA336202}.Debug|Any CPU.Build.0 = Debug|Any CPU
		{534F9E11-7FB9-4A92-89CE-25CBEA336202}.Release|Any CPU.ActiveCfg = Release|Any CPU
		{534F9E11-7FB9-4A92-89CE-25CBEA336202}.Release|Any CPU.Build.0 = Release|Any CPU
		{5BD75589-CA45-4F37-8BF5-1894C01909CF}.Debug|Any CPU.ActiveCfg = Debug|Any CPU
		{5BD75589-CA45-4F37-8BF5-1894C01909CF}.Debug|Any CPU.Build.0 = Debug|Any CPU
		{5BD75589-CA45-4F37-8BF5-1894C01909CF}.Release|Any CPU.ActiveCfg = Release|Any CPU
		{5BD75589-CA45-4F37-8BF5-1894C01909CF}.Release|Any CPU.Build.0 = Release|Any CPU
	EndGlobalSection
	GlobalSection(SolutionProperties) = preSolution
		HideSolutionNode = FALSE
	EndGlobalSection
	GlobalSection(ExtensibilityGlobals) = postSolution
		SolutionGuid = {023BC16D-A433-42A2-B4B7-5CBEA2A6C9C4}
	EndGlobalSection
EndGlobal
